
Microsoft Visual Studio Solution File, Format Version 12.00
# Visual Studio 15
VisualStudioVersion = 15.0.28307.1525
MinimumVisualStudioVersion = 10.0.40219.1
Project("{FAE04EC0-301F-11D3-BF4B-00C04F79EFBC}") = "VerticalProgressBar", "VerticalProgressBar.csproj", "{69C48FB8-6FF1-467F-BDCA-D524CC544ACA}"
EndProject
Project("{FAE04EC0-301F-11D3-BF4B-00C04F79EFBC}") = "TestProgressBar", "TestProgressBar\TestProgressBar.csproj", "{4E1B272E-2C28-42A2-A42F-7323C645FAC2}"
EndProject
Global
	GlobalSection(SolutionConfigurationPlatforms) = preSolution
		Debug|Any CPU = Debug|Any CPU
		Release|Any CPU = Release|Any CPU
	EndGlobalSection
	GlobalSection(ProjectConfigurationPlatforms) = postSolution
		{69C48FB8-6FF1-467F-BDCA-D524CC544ACA}.Debug|Any CPU.ActiveCfg = Debug|Any CPU
		{69C48FB8-6FF1-467F-BDCA-D524CC544ACA}.Debug|Any CPU.Build.0 = Debug|Any CPU
		{69C48FB8-6FF1-467F-BDCA-D524CC544ACA}.Release|Any CPU.ActiveCfg = Release|Any CPU
		{69C48FB8-6FF1-467F-BDCA-D524CC544ACA}.Release|Any CPU.Build.0 = Release|Any CPU
		{4E1B272E-2C28-42A2-A42F-7323C645FAC2}.Debug|Any CPU.ActiveCfg = Debug|Any CPU
		{4E1B272E-2C28-42A2-A42F-7323C645FAC2}.Debug|Any CPU.Build.0 = Debug|Any CPU
		{4E1B272E-2C28-42A2-A42F-7323C645FAC2}.Release|Any CPU.ActiveCfg = Release|Any CPU
		{4E1B272E-2C28-42A2-A42F-7323C645FAC2}.Release|Any CPU.Build.0 = Release|Any CPU
	EndGlobalSection
	GlobalSection(SolutionProperties) = preSolution
		HideSolutionNode = FALSE
	EndGlobalSection
	GlobalSection(ExtensibilityGlobals) = postSolution
		SolutionGuid = {82D64134-EF9E-4904-A002-3610FE13DE42}
	EndGlobalSection
EndGlobal
